
Microsoft Visual Studio Solution File, Format Version 12.00
# Visual Studio 2013
VisualStudioVersion = 12.0.31101.0
MinimumVisualStudioVersion = 10.0.40219.1
Project("{FAE04EC0-301F-11D3-BF4B-00C04F79EFBC}") = "EntityFX.Spectrum", "EntityFX.Spectrum\EntityFX.Spectrum.csproj", "{E58A1684-7525-4953-AAC2-A08F6EB45029}"
EndProject
Project("{FAE04EC0-301F-11D3-BF4B-00C04F79EFBC}") = "EntityFX.Core", "EntityFX.Core\EntityFX.Core.csproj", "{061ACA93-157D-44A3-A5BA-160B5A3378C5}"
EndProject
Project("{FAE04EC0-301F-11D3-BF4B-00C04F79EFBC}") = "EntityFX.Spectrum.UI", "EntityFX.Spectrum.UI\EntityFX.Spectrum.UI.csproj", "{A09BBD3F-66F6-414C-AA60-FE6668564914}"
EndProject
Project("{2150E333-8FDC-42A3-9474-1A3956D46DE8}") = "Doc", "Doc", "{C72456A2-E6D0-4815-B306-57974635F28A}"
	ProjectSection(SolutionItems) = preProject
		Doc\Z80-Central-Processor-Unit.pdf = Doc\Z80-Central-Processor-Unit.pdf
		Doc\Полное описание команд микропроцессора Z80.docx = Doc\Полное описание команд микропроцессора Z80.docx
		Doc\Полное описание команд микропроцессора Z80.pdf = Doc\Полное описание команд микропроцессора Z80.pdf
	EndProjectSection
EndProject
Project("{2150E333-8FDC-42A3-9474-1A3956D46DE8}") = "Roms", "Roms", "{6794121A-356D-4A05-B123-991F47DF4B82}"
	ProjectSection(SolutionItems) = preProject
		Roms\ZXS128.ROM = Roms\ZXS128.ROM
		Roms\ZXS48.ROM = Roms\ZXS48.ROM
	EndProjectSection
EndProject
Global
	GlobalSection(SolutionConfigurationPlatforms) = preSolution
		Debug|Any CPU = Debug|Any CPU
		Release|Any CPU = Release|Any CPU
	EndGlobalSection
	GlobalSection(ProjectConfigurationPlatforms) = postSolution
		{E58A1684-7525-4953-AAC2-A08F6EB45029}.Debug|Any CPU.ActiveCfg = Debug|Any CPU
		{E58A1684-7525-4953-AAC2-A08F6EB45029}.Debug|Any CPU.Build.0 = Debug|Any CPU
		{E58A1684-7525-4953-AAC2-A08F6EB45029}.Release|Any CPU.ActiveCfg = Release|Any CPU
		{E58A1684-7525-4953-AAC2-A08F6EB45029}.Release|Any CPU.Build.0 = Release|Any CPU
		{061ACA93-157D-44A3-A5BA-160B5A3378C5}.Debug|Any CPU.ActiveCfg = Debug|Any CPU
		{061ACA93-157D-44A3-A5BA-160B5A3378C5}.Debug|Any CPU.Build.0 = Debug|Any CPU
		{061ACA93-157D-44A3-A5BA-160B5A3378C5}.Release|Any CPU.ActiveCfg = Release|Any CPU
		{061ACA93-157D-44A3-A5BA-160B5A3378C5}.Release|Any CPU.Build.0 = Release|Any CPU
		{A09BBD3F-66F6-414C-AA60-FE6668564914}.Debug|Any CPU.ActiveCfg = Debug|Any CPU
		{A09BBD3F-66F6-414C-AA60-FE6668564914}.Debug|Any CPU.Build.0 = Debug|Any CPU
		{A09BBD3F-66F6-414C-AA60-FE6668564914}.Release|Any CPU.ActiveCfg = Release|Any CPU
		{A09BBD3F-66F6-414C-AA60-FE6668564914}.Release|Any CPU.Build.0 = Release|Any CPU
	EndGlobalSection
	GlobalSection(SolutionProperties) = preSolution
		HideSolutionNode = FALSE
	EndGlobalSection
EndGlobal
